# THIS IS AN AUTOGENERATED FILE. DO NOT EDIT THIS FILE DIRECTLY.
# yarn lockfile v1


"@stripe/stripe-js@^1.13.2":
  version "1.46.0"
  resolved "https://registry.yarnpkg.com/@stripe/stripe-js/-/stripe-js-1.46.0.tgz#2b9acca0dfa7b90aaecd909e678a049f799a27d6"
  integrity sha512-dkm0zCEoRLu5rTnsIgwDf/QG2DKcalOT2dk1IVgMySOHWTChLyOvQwMYhEduGgLvyYWTwNhAUV4WOLPQvjwLwA==

"@vue-stripe/vue-stripe@^4.5.0":
  version "4.5.0"
  resolved "https://registry.yarnpkg.com/@vue-stripe/vue-stripe/-/vue-stripe-4.5.0.tgz#2297b3a3f7cc984e7c80f3b7dac75f5e0239a758"
  integrity sha512-BU449XT5zegjNQirl+SSztbzGIvPjhxlHv8ybomSZcI1jB6qEpLgpk2eHMFDKnOGZZRhqtg4C5FiErwSJ/yuRw==
  dependencies:
    "@stripe/stripe-js" "^1.13.2"
    vue-coerce-props "^1.0.0"

vue-coerce-props@^1.0.0:
  version "1.0.0"
  resolved "https://registry.yarnpkg.com/vue-coerce-props/-/vue-coerce-props-1.0.0.tgz#af3d00aa419f0de79c2b020824c6c0387070d66e"
  integrity sha512-4fdRMXO6FHzmE7H4soAph6QmPg3sL/RiGdd+axuxuU07f02LNMns0jMM88fmt1bvSbN+2Wyd8raho6p6nXUzag==
